{
  "name": "opensips-skills",
  "version": "0.1.0",
  "lockfileVersion": 3,
  "requires": true,
  "packages": {
    "": {
      "name": "opensips-skills",
      "version": "0.1.0",
      "license": "GPL-3.0-or-later",
      "devDependencies": {},
      "engines": {
        "node": ">=20.0.0"
      }
    }
  }
}
